PODS:
  - JITelephoneInputTextField (1.0.1)

DEPENDENCIES:
  - JITelephoneInputTextField (from `../`)

EXTERNAL SOURCES:
  JITelephoneInputTextField:
    :path: "../"

SPEC CHECKSUMS:
  JITelephoneInputTextField: 835fce37558aecf33f845707b3590e60d60f24b6

PODFILE CHECKSUM: 24c22614d26231af5080fb2b910aedbc0193a921

COCOAPODS: 1.10.1
