PODS:
  - JITelephoneInputTextField (0.1.0)

DEPENDENCIES:
  - JITelephoneInputTextField (from `../`)

EXTERNAL SOURCES:
  JITelephoneInputTextField:
    :path: "../"

SPEC CHECKSUMS:
  JITelephoneInputTextField: bb912461faee8f9742c5c0813d5a9a6935d231a7

PODFILE CHECKSUM: 24c22614d26231af5080fb2b910aedbc0193a921

COCOAPODS: 1.10.1
