PODS:
  - JITelephoneInputTextField (1.0.2)

DEPENDENCIES:
  - JITelephoneInputTextField (from `../`)

EXTERNAL SOURCES:
  JITelephoneInputTextField:
    :path: "../"

SPEC CHECKSUMS:
  JITelephoneInputTextField: 5111fa8c54eae1d29d30a4620fcb0d7e3dc64876

PODFILE CHECKSUM: 24c22614d26231af5080fb2b910aedbc0193a921

COCOAPODS: 1.10.1
